
Microsoft Visual Studio Solution File, Format Version 12.00
# Visual Studio 15
VisualStudioVersion = 15.0.28010.2050
MinimumVisualStudioVersion = 10.0.40219.1
Project("{FAE04EC0-301F-11D3-BF4B-00C04F79EFBC}") = "TodoListProject", "TodoListProject\TodoListProject.csproj", "{34581536-A304-4CF9-9684-54B11E5D354E}"
EndProject
Project("{FAE04EC0-301F-11D3-BF4B-00C04F79EFBC}") = "TodoListTestProject", "TodoListTestProject\TodoListTestProject.csproj", "{91829ADB-389D-4D7E-A8E6-BD446FB6CF09}"
EndProject
Global
	GlobalSection(SolutionConfigurationPlatforms) = preSolution
		Debug|Any CPU = Debug|Any CPU
		Release|Any CPU = Release|Any CPU
	EndGlobalSection
	GlobalSection(ProjectConfigurationPlatforms) = postSolution
		{34581536-A304-4CF9-9684-54B11E5D354E}.Debug|Any CPU.ActiveCfg = Debug|Any CPU
		{34581536-A304-4CF9-9684-54B11E5D354E}.Debug|Any CPU.Build.0 = Debug|Any CPU
		{34581536-A304-4CF9-9684-54B11E5D354E}.Release|Any CPU.ActiveCfg = Release|Any CPU
		{34581536-A304-4CF9-9684-54B11E5D354E}.Release|Any CPU.Build.0 = Release|Any CPU
		{91829ADB-389D-4D7E-A8E6-BD446FB6CF09}.Debug|Any CPU.ActiveCfg = Debug|Any CPU
		{91829ADB-389D-4D7E-A8E6-BD446FB6CF09}.Debug|Any CPU.Build.0 = Debug|Any CPU
		{91829ADB-389D-4D7E-A8E6-BD446FB6CF09}.Release|Any CPU.ActiveCfg = Release|Any CPU
		{91829ADB-389D-4D7E-A8E6-BD446FB6CF09}.Release|Any CPU.Build.0 = Release|Any CPU
	EndGlobalSection
	GlobalSection(SolutionProperties) = preSolution
		HideSolutionNode = FALSE
	EndGlobalSection
	GlobalSection(ExtensibilityGlobals) = postSolution
		SolutionGuid = {A630E4CF-F6F4-4F2C-A3F2-17E5D37A13F4}
	EndGlobalSection
EndGlobal
